// !$*UTF8*$!
{
	archiveVersion = 1;
	classes = {
	};
	objectVersion = 48;
	objects = {

/* Begin PBXBuildFile section */
		3F35A042212470580065CFF4 /* Localizable.strings in Resources */ = {isa = PBXBuildFile; fileRef = 3F35A044212470580065CFF4 /* Localizable.strings */; };
		3F5029FA211DE76900098161 /* AppDelegate.swift in Sources */ = {isa = PBXBuildFile; fileRef = 3F5029F9211DE76900098161 /* AppDelegate.swift */; };
		3F5029FC211DE76900098161 /* ViewController.swift in Sources */ = {isa = PBXBuildFile; fileRef = 3F5029FB211DE76900098161 /* ViewController.swift */; };
		3F5029FF211DE76900098161 /* Main.storyboard in Resources */ = {isa = PBXBuildFile; fileRef = 3F5029FD211DE76900098161 /* Main.storyboard */; };
		3F502A02211DE76900098161 /* Werkstuk2_Kevin_Rousseeuw.xcdatamodeld in Sources */ = {isa = PBXBuildFile; fileRef = 3F502A00211DE76900098161 /* Werkstuk2_Kevin_Rousseeuw.xcdatamodeld */; };
		3F502A04211DE76A00098161 /* Assets.xcassets in Resources */ = {isa = PBXBuildFile; fileRef = 3F502A03211DE76A00098161 /* Assets.xcassets */; };
		3F502A07211DE76A00098161 /* LaunchScreen.storyboard in Resources */ = {isa = PBXBuildFile; fileRef = 3F502A05211DE76A00098161 /* LaunchScreen.storyboard */; };
		3F59928D212213B800621655 /* References.rtf in Resources */ = {isa = PBXBuildFile; fileRef = 3F59928C212213B800621655 /* References.rtf */; };
		3F6F793B2120B4A300E855DB /* BomenKaartViewController.swift in Sources */ = {isa = PBXBuildFile; fileRef = 3F6F793A2120B4A300E855DB /* BomenKaartViewController.swift */; };
		3F6F793D2120B4B200E855DB /* BoomDetailViewController.swift in Sources */ = {isa = PBXBuildFile; fileRef = 3F6F793C2120B4B200E855DB /* BoomDetailViewController.swift */; };
		3F6F793F2120B50D00E855DB /* BoomAnnotation.swift in Sources */ = {isa = PBXBuildFile; fileRef = 3F6F793E2120B50D00E855DB /* BoomAnnotation.swift */; };
/* End PBXBuildFile section */

/* Begin PBXFileReference section */
		3F35A03E212470000065CFF4 /* nl */ = {isa = PBXFileReference; lastKnownFileType = text.plist.strings; name = nl; path = nl.lproj/Main.strings; sourceTree = "<group>"; };
		3F35A03F212470000065CFF4 /* nl */ = {isa = PBXFileReference; lastKnownFileType = text.plist.strings; name = nl; path = nl.lproj/LaunchScreen.strings; sourceTree = "<group>"; };
		3F35A0402124700A0065CFF4 /* fr */ = {isa = PBXFileReference; lastKnownFileType = text.plist.strings; name = fr; path = fr.lproj/Main.strings; sourceTree = "<group>"; };
		3F35A0412124700A0065CFF4 /* fr */ = {isa = PBXFileReference; lastKnownFileType = text.plist.strings; name = fr; path = fr.lproj/LaunchScreen.strings; sourceTree = "<group>"; };
		3F35A043212470580065CFF4 /* en */ = {isa = PBXFileReference; lastKnownFileType = text.plist.strings; name = en; path = en.lproj/Localizable.strings; sourceTree = "<group>"; };
		3F35A045212470600065CFF4 /* nl */ = {isa = PBXFileReference; lastKnownFileType = text.plist.strings; name = nl; path = nl.lproj/Localizable.strings; sourceTree = "<group>"; };
		3F35A046212470620065CFF4 /* fr */ = {isa = PBXFileReference; lastKnownFileType = text.plist.strings; name = fr; path = fr.lproj/Localizable.strings; sourceTree = "<group>"; };
		3F5029F6211DE76900098161 /* Werkstuk2_Kevin_Rousseeuw.app */ = {isa = PBXFileReference; explicitFileType = wrapper.application; includeInIndex = 0; path = Werkstuk2_Kevin_Rousseeuw.app; sourceTree = BUILT_PRODUCTS_DIR; };
		3F5029F9211DE76900098161 /* AppDelegate.swift */ = {isa = PBXFileReference; lastKnownFileType = sourcecode.swift; path = AppDelegate.swift; sourceTree = "<group>"; };
		3F5029FB211DE76900098161 /* ViewController.swift */ = {isa = PBXFileReference; lastKnownFileType = sourcecode.swift; path = ViewController.swift; sourceTree = "<group>"; };
		3F5029FE211DE76900098161 /* Base */ = {isa = PBXFileReference; lastKnownFileType = file.storyboard; name = Base; path = Base.lproj/Main.storyboard; sourceTree = "<group>"; };
		3F502A01211DE76900098161 /* Werkstuk2_Kevin_Rousseeuw.xcdatamodel */ = {isa = PBXFileReference; lastKnownFileType = wrapper.xcdatamodel; path = Werkstuk2_Kevin_Rousseeuw.xcdatamodel; sourceTree = "<group>"; };
		3F502A03211DE76A00098161 /* Assets.xcassets */ = {isa = PBXFileReference; lastKnownFileType = folder.assetcatalog; path = Assets.xcassets; sourceTree = "<group>"; };
		3F502A06211DE76A00098161 /* Base */ = {isa = PBXFileReference; lastKnownFileType = file.storyboard; name = Base; path = Base.lproj/LaunchScreen.storyboard; sourceTree = "<group>"; };
		3F59928C212213B800621655 /* References.rtf */ = {isa = PBXFileReference; lastKnownFileType = text.rtf; path = References.rtf; sourceTree = "<group>"; };
		3F6F793A2120B4A300E855DB /* BomenKaartViewController.swift */ = {isa = PBXFileReference; lastKnownFileType = sourcecode.swift; path = BomenKaartViewController.swift; sourceTree = "<group>"; };
		3F6F793C2120B4B200E855DB /* BoomDetailViewController.swift */ = {isa = PBXFileReference; lastKnownFileType = sourcecode.swift; path = BoomDetailViewController.swift; sourceTree = "<group>"; };
		3F6F793E2120B50D00E855DB /* BoomAnnotation.swift */ = {isa = PBXFileReference; lastKnownFileType = sourcecode.swift; path = BoomAnnotation.swift; sourceTree = "<group>"; };
		B3C4593221247AE900A2E51C /* en */ = {isa = PBXFileReference; lastKnownFileType = text.plist.xml; name = en; path = en.lproj/Info.plist; sourceTree = "<group>"; };
		B3C4593321247AEB00A2E51C /* nl */ = {isa = PBXFileReference; lastKnownFileType = text.plist.xml; name = nl; path = nl.lproj/Info.plist; sourceTree = "<group>"; };
		B3C4593421247AEC00A2E51C /* fr */ = {isa = PBXFileReference; lastKnownFileType = text.plist.xml; name = fr; path = fr.lproj/Info.plist; sourceTree = "<group>"; };
/* End PBXFileReference section */

/* Begin PBXFrameworksBuildPhase section */
		3F5029F3211DE76900098161 /* Frameworks */ = {
			isa = PBXFrameworksBuildPhase;
			buildActionMask = 2147483647;
			files = (
			);
			runOnlyForDeploymentPostprocessing = 0;
		};
/* End PBXFrameworksBuildPhase section */

/* Begin PBXGroup section */
		3F5029ED211DE76900098161 = {
			isa = PBXGroup;
			children = (
				3F59928C212213B800621655 /* References.rtf */,
				3F5029F8211DE76900098161 /* Werkstuk2_Kevin_Rousseeuw */,
				3F5029F7211DE76900098161 /* Products */,
			);
			sourceTree = "<group>";
		};
		3F5029F7211DE76900098161 /* Products */ = {
			isa = PBXGroup;
			children = (
				3F5029F6211DE76900098161 /* Werkstuk2_Kevin_Rousseeuw.app */,
			);
			name = Products;
			sourceTree = "<group>";
		};
		3F5029F8211DE76900098161 /* Werkstuk2_Kevin_Rousseeuw */ = {
			isa = PBXGroup;
			children = (
				3F5029F9211DE76900098161 /* AppDelegate.swift */,
				3F5029FB211DE76900098161 /* ViewController.swift */,
				3F5029FD211DE76900098161 /* Main.storyboard */,
				3F502A03211DE76A00098161 /* Assets.xcassets */,
				3F502A05211DE76A00098161 /* LaunchScreen.storyboard */,
				B3C4593121247AE400A2E51C /* Info.plist */,
				3F502A00211DE76900098161 /* Werkstuk2_Kevin_Rousseeuw.xcdatamodeld */,
				3F6F793A2120B4A300E855DB /* BomenKaartViewController.swift */,
				3F6F793C2120B4B200E855DB /* BoomDetailViewController.swift */,
				3F6F793E2120B50D00E855DB /* BoomAnnotation.swift */,
				3F35A044212470580065CFF4 /* Localizable.strings */,
			);
			path = Werkstuk2_Kevin_Rousseeuw;
			sourceTree = "<group>";
		};
/* End PBXGroup section */

/* Begin PBXNativeTarget section */
		3F5029F5211DE76900098161 /* Werkstuk2_Kevin_Rousseeuw */ = {
			isa = PBXNativeTarget;
			buildConfigurationList = 3F502A0B211DE76A00098161 /* Build configuration list for PBXNativeTarget "Werkstuk2_Kevin_Rousseeuw" */;
			buildPhases = (
				3F5029F2211DE76900098161 /* Sources */,
				3F5029F3211DE76900098161 /* Frameworks */,
				3F5029F4211DE76900098161 /* Resources */,
			);
			buildRules = (
			);
			dependencies = (
			);
			name = Werkstuk2_Kevin_Rousseeuw;
			productName = Werkstuk2_Kevin_Rousseeuw;
			productReference = 3F5029F6211DE76900098161 /* Werkstuk2_Kevin_Rousseeuw.app */;
			productType = "com.apple.product-type.application";
		};
/* End PBXNativeTarget section */

/* Begin PBXProject section */
		3F5029EE211DE76900098161 /* Project object */ = {
			isa = PBXProject;
			attributes = {
				LastSwiftUpdateCheck = 0920;
				LastUpgradeCheck = 0920;
				ORGANIZATIONNAME = student;
				TargetAttributes = {
					3F5029F5211DE76900098161 = {
						CreatedOnToolsVersion = 9.2;
						ProvisioningStyle = Automatic;
					};
				};
			};
			buildConfigurationList = 3F5029F1211DE76900098161 /* Build configuration list for PBXProject "Werkstuk2_Kevin_Rousseeuw" */;
			compatibilityVersion = "Xcode 8.0";
			developmentRegion = en;
			hasScannedForEncodings = 0;
			knownRegions = (
				en,
				Base,
				nl,
				fr,
			);
			mainGroup = 3F5029ED211DE76900098161;
			productRefGroup = 3F5029F7211DE76900098161 /* Products */;
			projectDirPath = "";
			projectRoot = "";
			targets = (
				3F5029F5211DE76900098161 /* Werkstuk2_Kevin_Rousseeuw */,
			);
		};
/* End PBXProject section */

/* Begin PBXResourcesBuildPhase section */
		3F5029F4211DE76900098161 /* Resources */ = {
			isa = PBXResourcesBuildPhase;
			buildActionMask = 2147483647;
			files = (
				3F35A042212470580065CFF4 /* Localizable.strings in Resources */,
				3F502A07211DE76A00098161 /* LaunchScreen.storyboard in Resources */,
				3F502A04211DE76A00098161 /* Assets.xcassets in Resources */,
				3F59928D212213B800621655 /* References.rtf in Resources */,
				3F5029FF211DE76900098161 /* Main.storyboard in Resources */,
			);
			runOnlyForDeploymentPostprocessing = 0;
		};
/* End PBXResourcesBuildPhase section */

/* Begin PBXSourcesBuildPhase section */
		3F5029F2211DE76900098161 /* Sources */ = {
			isa = PBXSourcesBuildPhase;
			buildActionMask = 2147483647;
			files = (
				3F5029FC211DE76900098161 /* ViewController.swift in Sources */,
				3F6F793F2120B50D00E855DB /* BoomAnnotation.swift in Sources */,
				3F5029FA211DE76900098161 /* AppDelegate.swift in Sources */,
				3F6F793D2120B4B200E855DB /* BoomDetailViewController.swift in Sources */,
				3F502A02211DE76900098161 /* Werkstuk2_Kevin_Rousseeuw.xcdatamodeld in Sources */,
				3F6F793B2120B4A300E855DB /* BomenKaartViewController.swift in Sources */,
			);
			runOnlyForDeploymentPostprocessing = 0;
		};
/* End PBXSourcesBuildPhase section */

/* Begin PBXVariantGroup section */
		3F35A044212470580065CFF4 /* Localizable.strings */ = {
			isa = PBXVariantGroup;
			children = (
				3F35A043212470580065CFF4 /* en */,
				3F35A045212470600065CFF4 /* nl */,
				3F35A046212470620065CFF4 /* fr */,
			);
			name = Localizable.strings;
			sourceTree = "<group>";
		};
		3F5029FD211DE76900098161 /* Main.storyboard */ = {
			isa = PBXVariantGroup;
			children = (
				3F5029FE211DE76900098161 /* Base */,
				3F35A03E212470000065CFF4 /* nl */,
				3F35A0402124700A0065CFF4 /* fr */,
			);
			name = Main.storyboard;
			sourceTree = "<group>";
		};
		3F502A05211DE76A00098161 /* LaunchScreen.storyboard */ = {
			isa = PBXVariantGroup;
			children = (
				3F502A06211DE76A00098161 /* Base */,
				3F35A03F212470000065CFF4 /* nl */,
				3F35A0412124700A0065CFF4 /* fr */,
			);
			name = LaunchScreen.storyboard;
			sourceTree = "<group>";
		};
		B3C4593121247AE400A2E51C /* Info.plist */ = {
			isa = PBXVariantGroup;
			children = (
				B3C4593221247AE900A2E51C /* en */,
				B3C4593321247AEB00A2E51C /* nl */,
				B3C4593421247AEC00A2E51C /* fr */,
			);
			name = Info.plist;
			sourceTree = "<group>";
		};
/* End PBXVariantGroup section */

/* Begin XCBuildConfiguration section */
		3F502A09211DE76A00098161 /* Debug */ = {
			isa = XCBuildConfiguration;
			buildSettings = {
				ALWAYS_SEARCH_USER_PATHS = NO;
				CLANG_ANALYZER_LOCALIZABILITY_NONLOCALIZED = YES;
				CLANG_ANALYZER_NONNULL = YES;
				CLANG_ANALYZER_NUMBER_OBJECT_CONVERSION = YES_AGGRESSIVE;
				CLANG_CXX_LANGUAGE_STANDARD = "gnu++14";
				CLANG_CXX_LIBRARY = "libc++";
				CLANG_ENABLE_MODULES = YES;
				CLANG_ENABLE_OBJC_ARC = YES;
				CLANG_WARN_BLOCK_CAPTURE_AUTORELEASING = YES;
				CLANG_WARN_BOOL_CONVERSION = YES;
				CLANG_WARN_COMMA = YES;
				CLANG_WARN_CONSTANT_CONVERSION = YES;
				CLANG_WARN_DIRECT_OBJC_ISA_USAGE = YES_ERROR;
				CLANG_WARN_DOCUMENTATION_COMMENTS = YES;
				CLANG_WARN_EMPTY_BODY = YES;
				CLANG_WARN_ENUM_CONVERSION = YES;
				CLANG_WARN_INFINITE_RECURSION = YES;
				CLANG_WARN_INT_CONVERSION = YES;
				CLANG_WARN_NON_LITERAL_NULL_CONVERSION = YES;
				CLANG_WARN_OBJC_LITERAL_CONVERSION = YES;
				CLANG_WARN_OBJC_ROOT_CLASS = YES_ERROR;
				CLANG_WARN_RANGE_LOOP_ANALYSIS = YES;
				CLANG_WARN_STRICT_PROTOTYPES = YES;
				CLANG_WARN_SUSPICIOUS_MOVE = YES;
				CLANG_WARN_UNGUARDED_AVAILABILITY = YES_AGGRESSIVE;
				CLANG_WARN_UNREACHABLE_CODE = YES;
				CLANG_WARN__DUPLICATE_METHOD_MATCH = YES;
				CODE_SIGN_IDENTITY = "iPhone Developer";
				COPY_PHASE_STRIP = NO;
				DEBUG_INFORMATION_FORMAT = dwarf;
				ENABLE_STRICT_OBJC_MSGSEND = YES;
				ENABLE_TESTABILITY = YES;
				GCC_C_LANGUAGE_STANDARD = gnu11;
				GCC_DYNAMIC_NO_PIC = NO;
				GCC_NO_COMMON_BLOCKS = YES;
				GCC_OPTIMIZATION_LEVEL = 0;
				GCC_PREPROCESSOR_DEFINITIONS = (
					"DEBUG=1",
					"$(inherited)",
				);
				GCC_WARN_64_TO_32_BIT_CONVERSION = YES;
				GCC_WARN_ABOUT_RETURN_TYPE = YES_ERROR;
				GCC_WARN_UNDECLARED_SELECTOR = YES;
				GCC_WARN_UNINITIALIZED_AUTOS = YES_AGGRESSIVE;
				GCC_WARN_UNUSED_FUNCTION = YES;
				GCC_WARN_UNUSED_VARIABLE = YES;
				IPHONEOS_DEPLOYMENT_TARGET = 11.2;
				MTL_ENABLE_DEBUG_INFO = YES;
				ONLY_ACTIVE_ARCH = YES;
				SDKROOT = iphoneos;
				SWIFT_ACTIVE_COMPILATION_CONDITIONS = DEBUG;
				SWIFT_OPTIMIZATION_LEVEL = "-Onone";
			};
			name = Debug;
		};
		3F502A0A211DE76A00098161 /* Release */ = {
			isa = XCBuildConfiguration;
			buildSettings = {
				ALWAYS_SEARCH_USER_PATHS = NO;
				CLANG_ANALYZER_LOCALIZABILITY_NONLOCALIZED = YES;
				CLANG_ANALYZER_NONNULL = YES;
				CLANG_ANALYZER_NUMBER_OBJECT_CONVERSION = YES_AGGRESSIVE;
				CLANG_CXX_LANGUAGE_STANDARD = "gnu++14";
				CLANG_CXX_LIBRARY = "libc++";
				CLANG_ENABLE_MODULES = YES;
				CLANG_ENABLE_OBJC_ARC = YES;
				CLANG_WARN_BLOCK_CAPTURE_AUTORELEASING = YES;
				CLANG_WARN_BOOL_CONVERSION = YES;
				CLANG_WARN_COMMA = YES;
				CLANG_WARN_CONSTANT_CONVERSION = YES;
				CLANG_WARN_DIRECT_OBJC_ISA_USAGE = YES_ERROR;
				CLANG_WARN_DOCUMENTATION_COMMENTS = YES;
				CLANG_WARN_EMPTY_BODY = YES;
				CLANG_WARN_ENUM_CONVERSION = YES;
				CLANG_WARN_INFINITE_RECURSION = YES;
				CLANG_WARN_INT_CONVERSION = YES;
				CLANG_WARN_NON_LITERAL_NULL_CONVERSION = YES;
				CLANG_WARN_OBJC_LITERAL_CONVERSION = YES;
				CLANG_WARN_OBJC_ROOT_CLASS = YES_ERROR;
				CLANG_WARN_RANGE_LOOP_ANALYSIS = YES;
				CLANG_WARN_STRICT_PROTOTYPES = YES;
				CLANG_WARN_SUSPICIOUS_MOVE = YES;
				CLANG_WARN_UNGUARDED_AVAILABILITY = YES_AGGRESSIVE;
				CLANG_WARN_UNREACHABLE_CODE = YES;
				CLANG_WARN__DUPLICATE_METHOD_MATCH = YES;
				CODE_SIGN_IDENTITY = "iPhone Developer";
				COPY_PHASE_STRIP = NO;
				DEBUG_INFORMATION_FORMAT = "dwarf-with-dsym";
				ENABLE_NS_ASSERTIONS = NO;
				ENABLE_STRICT_OBJC_MSGSEND = YES;
				GCC_C_LANGUAGE_STANDARD = gnu11;
				GCC_NO_COMMON_BLOCKS = YES;
				GCC_WARN_64_TO_32_BIT_CONVERSION = YES;
				GCC_WARN_ABOUT_RETURN_TYPE = YES_ERROR;
				GCC_WARN_UNDECLARED_SELECTOR = YES;
				GCC_WARN_UNINITIALIZED_AUTOS = YES_AGGRESSIVE;
				GCC_WARN_UNUSED_FUNCTION = YES;
				GCC_WARN_UNUSED_VARIABLE = YES;
				IPHONEOS_DEPLOYMENT_TARGET = 11.2;
				MTL_ENABLE_DEBUG_INFO = NO;
				SDKROOT = iphoneos;
				SWIFT_OPTIMIZATION_LEVEL = "-Owholemodule";
				VALIDATE_PRODUCT = YES;
			};
			name = Release;
		};
		3F502A0C211DE76A00098161 /* Debug */ = {
			isa = XCBuildConfiguration;
			buildSettings = {
				ASSETCATALOG_COMPILER_APPICON_NAME = AppIcon;
				CODE_SIGN_STYLE = Automatic;
				INFOPLIST_FILE = Werkstuk2_Kevin_Rousseeuw/Info.plist;
				LD_RUNPATH_SEARCH_PATHS = "$(inherited) @executable_path/Frameworks";
				PRODUCT_BUNDLE_IDENTIFIER = "ehb.Werkstuk2-Kevin-Rousseeuw";
				PRODUCT_NAME = "$(TARGET_NAME)";
				SWIFT_VERSION = 4.0;
				TARGETED_DEVICE_FAMILY = "1,2";
			};
			name = Debug;
		};
		3F502A0D211DE76A00098161 /* Release */ = {
			isa = XCBuildConfiguration;
			buildSettings = {
				ASSETCATALOG_COMPILER_APPICON_NAME = AppIcon;
				CODE_SIGN_STYLE = Automatic;
				INFOPLIST_FILE = Werkstuk2_Kevin_Rousseeuw/Info.plist;
				LD_RUNPATH_SEARCH_PATHS = "$(inherited) @executable_path/Frameworks";
				PRODUCT_BUNDLE_IDENTIFIER = "ehb.Werkstuk2-Kevin-Rousseeuw";
				PRODUCT_NAME = "$(TARGET_NAME)";
				SWIFT_VERSION = 4.0;
				TARGETED_DEVICE_FAMILY = "1,2";
			};
			name = Release;
		};
/* End XCBuildConfiguration section */

/* Begin XCConfigurationList section */
		3F5029F1211DE76900098161 /* Build configuration list for PBXProject "Werkstuk2_Kevin_Rousseeuw" */ = {
			isa = XCConfigurationList;
			buildConfigurations = (
				3F502A09211DE76A00098161 /* Debug */,
				3F502A0A211DE76A00098161 /* Release */,
			);
			defaultConfigurationIsVisible = 0;
			defaultConfigurationName = Release;
		};
		3F502A0B211DE76A00098161 /* Build configuration list for PBXNativeTarget "Werkstuk2_Kevin_Rousseeuw" */ = {
			isa = XCConfigurationList;
			buildConfigurations = (
				3F502A0C211DE76A00098161 /* Debug */,
				3F502A0D211DE76A00098161 /* Release */,
			);
			defaultConfigurationIsVisible = 0;
			defaultConfigurationName = Release;
		};
/* End XCConfigurationList section */

/* Begin XCVersionGroup section */
		3F502A00211DE76900098161 /* Werkstuk2_Kevin_Rousseeuw.xcdatamodeld */ = {
			isa = XCVersionGroup;
			children = (
				3F502A01211DE76900098161 /* Werkstuk2_Kevin_Rousseeuw.xcdatamodel */,
			);
			currentVersion = 3F502A01211DE76900098161 /* Werkstuk2_Kevin_Rousseeuw.xcdatamodel */;
			path = Werkstuk2_Kevin_Rousseeuw.xcdatamodeld;
			sourceTree = "<group>";
			versionGroupType = wrapper.xcdatamodel;
		};
/* End XCVersionGroup section */
	};
	rootObject = 3F5029EE211DE76900098161 /* Project object */;
}
